uuid: eecaffe2-d9e4-4a40-9695-91b1015ae861
langcode: en
status: true
dependencies:
  content:
    - 'block_content:basic:eef9b715-3208-4647-b197-cebdf152d341'
  module:
    - block_content
  theme:
    - xarapro
id: footeraboutblock
theme: xarapro
region: footer_top
weight: 0
provider: null
plugin: 'block_content:eef9b715-3208-4647-b197-cebdf152d341'
settings:
  id: 'block_content:eef9b715-3208-4647-b197-cebdf152d341'
  label: 'Footer About Block'
  label_display: '0'
  provider: block_content
  status: true
  info: ''
  view_mode: full
visibility: {  }
